
Microsoft Visual Studio Solution File, Format Version 12.00
# Visual Studio Version 16
VisualStudioVersion = 16.0.31624.102
MinimumVisualStudioVersion = 10.0.40219.1
Project("{FAE04EC0-301F-11D3-BF4B-00C04F79EFBC}") = "ConsoleApp2", "ConsoleApp2\ConsoleApp2.csproj", "{F84AA3EB-68BC-46E0-8913-5EF4CD750C2F}"
EndProject
Global
	GlobalSection(SolutionConfigurationPlatforms) = preSolution
		Debug|Any CPU = Debug|Any CPU
		Release|Any CPU = Release|Any CPU
	EndGlobalSection
	GlobalSection(ProjectConfigurationPlatforms) = postSolution
		{F84AA3EB-68BC-46E0-8913-5EF4CD750C2F}.Debug|Any CPU.ActiveCfg = Debug|Any CPU
		{F84AA3EB-68BC-46E0-8913-5EF4CD750C2F}.Debug|Any CPU.Build.0 = Debug|Any CPU
		{F84AA3EB-68BC-46E0-8913-5EF4CD750C2F}.Release|Any CPU.ActiveCfg = Release|Any CPU
		{F84AA3EB-68BC-46E0-8913-5EF4CD750C2F}.Release|Any CPU.Build.0 = Release|Any CPU
	EndGlobalSection
	GlobalSection(SolutionProperties) = preSolution
		HideSolutionNode = FALSE
	EndGlobalSection
	GlobalSection(ExtensibilityGlobals) = postSolution
		SolutionGuid = {D206288B-2087-4311-97C6-6BFF11D39B60}
	EndGlobalSection
EndGlobal
